// !$*UTF8*$!
{
	archiveVersion = 1;
	classes = {
	};
	objectVersion = 56;
	objects = {

/* Begin PBXBuildFile section */
		B20B04CD2AB8C81700A64BCE /* PincushionDistortionApp.swift in Sources */ = {isa = PBXBuildFile; fileRef = B20B04CC2AB8C81700A64BCE /* PincushionDistortionApp.swift */; };
		B20B04CF2AB8C81700A64BCE /* ContentView.swift in Sources */ = {isa = PBXBuildFile; fileRef = B20B04CE2AB8C81700A64BCE /* ContentView.swift */; };
		B20B04D12AB8C81900A64BCE /* Assets.xcassets in Resources */ = {isa = PBXBuildFile; fileRef = B20B04D02AB8C81900A64BCE /* Assets.xcassets */; };
		B20B04D42AB8C81900A64BCE /* Preview Assets.xcassets in Resources */ = {isa = PBXBuildFile; fileRef = B20B04D32AB8C81900A64BCE /* Preview Assets.xcassets */; };
		B20B04DC2AB8C88D00A64BCE /* Wave in Frameworks */ = {isa = PBXBuildFile; productRef = B20B04DB2AB8C88D00A64BCE /* Wave */; };
		B20B04DE2AB8C98F00A64BCE /* PincushionDistortionShader.metal in Sources */ = {isa = PBXBuildFile; fileRef = B20B04DD2AB8C98F00A64BCE /* PincushionDistortionShader.metal */; };
/* End PBXBuildFile section */

/* Begin PBXFileReference section */
		B20B04C92AB8C81700A64BCE /* PincushionDistortion.app */ = {isa = PBXFileReference; explicitFileType = wrapper.application; includeInIndex = 0; path = PincushionDistortion.app; sourceTree = BUILT_PRODUCTS_DIR; };
		B20B04CC2AB8C81700A64BCE /* PincushionDistortionApp.swift */ = {isa = PBXFileReference; lastKnownFileType = sourcecode.swift; path = PincushionDistortionApp.swift; sourceTree = "<group>"; };
		B20B04CE2AB8C81700A64BCE /* ContentView.swift */ = {isa = PBXFileReference; lastKnownFileType = sourcecode.swift; path = ContentView.swift; sourceTree = "<group>"; };
		B20B04D02AB8C81900A64BCE /* Assets.xcassets */ = {isa = PBXFileReference; lastKnownFileType = folder.assetcatalog; path = Assets.xcassets; sourceTree = "<group>"; };
		B20B04D32AB8C81900A64BCE /* Preview Assets.xcassets */ = {isa = PBXFileReference; lastKnownFileType = folder.assetcatalog; path = "Preview Assets.xcassets"; sourceTree = "<group>"; };
		B20B04DD2AB8C98F00A64BCE /* PincushionDistortionShader.metal */ = {isa = PBXFileReference; fileEncoding = 4; lastKnownFileType = sourcecode.metal; path = PincushionDistortionShader.metal; sourceTree = "<group>"; };
/* End PBXFileReference section */

/* Begin PBXFrameworksBuildPhase section */
		B20B04C62AB8C81700A64BCE /* Frameworks */ = {
			isa = PBXFrameworksBuildPhase;
			buildActionMask = 2147483647;
			files = (
				B20B04DC2AB8C88D00A64BCE /* Wave in Frameworks */,
			);
			runOnlyForDeploymentPostprocessing = 0;
		};
/* End PBXFrameworksBuildPhase section */

/* Begin PBXGroup section */
		B20B04C02AB8C81700A64BCE = {
			isa = PBXGroup;
			children = (
				B20B04CB2AB8C81700A64BCE /* PincushionDistortion */,
				B20B04CA2AB8C81700A64BCE /* Products */,
			);
			sourceTree = "<group>";
		};
		B20B04CA2AB8C81700A64BCE /* Products */ = {
			isa = PBXGroup;
			children = (
				B20B04C92AB8C81700A64BCE /* PincushionDistortion.app */,
			);
			name = Products;
			sourceTree = "<group>";
		};
		B20B04CB2AB8C81700A64BCE /* PincushionDistortion */ = {
			isa = PBXGroup;
			children = (
				B20B04CC2AB8C81700A64BCE /* PincushionDistortionApp.swift */,
				B20B04CE2AB8C81700A64BCE /* ContentView.swift */,
				B20B04DD2AB8C98F00A64BCE /* PincushionDistortionShader.metal */,
				B20B04D02AB8C81900A64BCE /* Assets.xcassets */,
				B20B04D22AB8C81900A64BCE /* Preview Content */,
			);
			path = PincushionDistortion;
			sourceTree = "<group>";
		};
		B20B04D22AB8C81900A64BCE /* Preview Content */ = {
			isa = PBXGroup;
			children = (
				B20B04D32AB8C81900A64BCE /* Preview Assets.xcassets */,
			);
			path = "Preview Content";
			sourceTree = "<group>";
		};
/* End PBXGroup section */

/* Begin PBXNativeTarget section */
		B20B04C82AB8C81700A64BCE /* PincushionDistortion */ = {
			isa = PBXNativeTarget;
			buildConfigurationList = B20B04D72AB8C81900A64BCE /* Build configuration list for PBXNativeTarget "PincushionDistortion" */;
			buildPhases = (
				B20B04C52AB8C81700A64BCE /* Sources */,
				B20B04C62AB8C81700A64BCE /* Frameworks */,
				B20B04C72AB8C81700A64BCE /* Resources */,
			);
			buildRules = (
			);
			dependencies = (
			);
			name = PincushionDistortion;
			packageProductDependencies = (
				B20B04DB2AB8C88D00A64BCE /* Wave */,
			);
			productName = PincushionDistortion;
			productReference = B20B04C92AB8C81700A64BCE /* PincushionDistortion.app */;
			productType = "com.apple.product-type.application";
		};
/* End PBXNativeTarget section */

/* Begin PBXProject section */
		B20B04C12AB8C81700A64BCE /* Project object */ = {
			isa = PBXProject;
			attributes = {
				BuildIndependentTargetsInParallel = 1;
				LastSwiftUpdateCheck = 1500;
				LastUpgradeCheck = 1500;
				TargetAttributes = {
					B20B04C82AB8C81700A64BCE = {
						CreatedOnToolsVersion = 15.0;
					};
				};
			};
			buildConfigurationList = B20B04C42AB8C81700A64BCE /* Build configuration list for PBXProject "PincushionDistortion" */;
			compatibilityVersion = "Xcode 14.0";
			developmentRegion = en;
			hasScannedForEncodings = 0;
			knownRegions = (
				en,
				Base,
			);
			mainGroup = B20B04C02AB8C81700A64BCE;
			packageReferences = (
				B20B04DA2AB8C88D00A64BCE /* XCRemoteSwiftPackageReference "Wave" */,
			);
			productRefGroup = B20B04CA2AB8C81700A64BCE /* Products */;
			projectDirPath = "";
			projectRoot = "";
			targets = (
				B20B04C82AB8C81700A64BCE /* PincushionDistortion */,
			);
		};
/* End PBXProject section */

/* Begin PBXResourcesBuildPhase section */
		B20B04C72AB8C81700A64BCE /* Resources */ = {
			isa = PBXResourcesBuildPhase;
			buildActionMask = 2147483647;
			files = (
				B20B04D42AB8C81900A64BCE /* Preview Assets.xcassets in Resources */,
				B20B04D12AB8C81900A64BCE /* Assets.xcassets in Resources */,
			);
			runOnlyForDeploymentPostprocessing = 0;
		};
/* End PBXResourcesBuildPhase section */

/* Begin PBXSourcesBuildPhase section */
		B20B04C52AB8C81700A64BCE /* Sources */ = {
			isa = PBXSourcesBuildPhase;
			buildActionMask = 2147483647;
			files = (
				B20B04CF2AB8C81700A64BCE /* ContentView.swift in Sources */,
				B20B04DE2AB8C98F00A64BCE /* PincushionDistortionShader.metal in Sources */,
				B20B04CD2AB8C81700A64BCE /* PincushionDistortionApp.swift in Sources */,
			);
			runOnlyForDeploymentPostprocessing = 0;
		};
/* End PBXSourcesBuildPhase section */

/* Begin XCBuildConfiguration section */
		B20B04D52AB8C81900A64BCE /* Debug */ = {
			isa = XCBuildConfiguration;
			buildSettings = {
				ALWAYS_SEARCH_USER_PATHS = NO;
				ASSETCATALOG_COMPILER_GENERATE_SWIFT_ASSET_SYMBOL_EXTENSIONS = YES;
				CLANG_ANALYZER_NONNULL = YES;
				CLANG_ANALYZER_NUMBER_OBJECT_CONVERSION = YES_AGGRESSIVE;
				CLANG_CXX_LANGUAGE_STANDARD = "gnu++20";
				CLANG_ENABLE_MODULES = YES;
				CLANG_ENABLE_OBJC_ARC = YES;
				CLANG_ENABLE_OBJC_WEAK = YES;
				CLANG_WARN_BLOCK_CAPTURE_AUTORELEASING = YES;
				CLANG_WARN_BOOL_CONVERSION = YES;
				CLANG_WARN_COMMA = YES;
				CLANG_WARN_CONSTANT_CONVERSION = YES;
				CLANG_WARN_DEPRECATED_OBJC_IMPLEMENTATIONS = YES;
				CLANG_WARN_DIRECT_OBJC_ISA_USAGE = YES_ERROR;
				CLANG_WARN_DOCUMENTATION_COMMENTS = YES;
				CLANG_WARN_EMPTY_BODY = YES;
				CLANG_WARN_ENUM_CONVERSION = YES;
				CLANG_WARN_INFINITE_RECURSION = YES;
				CLANG_WARN_INT_CONVERSION = YES;
				CLANG_WARN_NON_LITERAL_NULL_CONVERSION = YES;
				CLANG_WARN_OBJC_IMPLICIT_RETAIN_SELF = YES;
				CLANG_WARN_OBJC_LITERAL_CONVERSION = YES;
				CLANG_WARN_OBJC_ROOT_CLASS = YES_ERROR;
				CLANG_WARN_QUOTED_INCLUDE_IN_FRAMEWORK_HEADER = YES;
				CLANG_WARN_RANGE_LOOP_ANALYSIS = YES;
				CLANG_WARN_STRICT_PROTOTYPES = YES;
				CLANG_WARN_SUSPICIOUS_MOVE = YES;
				CLANG_WARN_UNGUARDED_AVAILABILITY = YES_AGGRESSIVE;
				CLANG_WARN_UNREACHABLE_CODE = YES;
				CLANG_WARN__DUPLICATE_METHOD_MATCH = YES;
				COPY_PHASE_STRIP = NO;
				DEBUG_INFORMATION_FORMAT = dwarf;
				ENABLE_STRICT_OBJC_MSGSEND = YES;
				ENABLE_TESTABILITY = YES;
				ENABLE_USER_SCRIPT_SANDBOXING = YES;
				GCC_C_LANGUAGE_STANDARD = gnu17;
				GCC_DYNAMIC_NO_PIC = NO;
				GCC_NO_COMMON_BLOCKS = YES;
				GCC_OPTIMIZATION_LEVEL = 0;
				GCC_PREPROCESSOR_DEFINITIONS = (
					"DEBUG=1",
					"$(inherited)",
				);
				GCC_WARN_64_TO_32_BIT_CONVERSION = YES;
				GCC_WARN_ABOUT_RETURN_TYPE = YES_ERROR;
				GCC_WARN_UNDECLARED_SELECTOR = YES;
				GCC_WARN_UNINITIALIZED_AUTOS = YES_AGGRESSIVE;
				GCC_WARN_UNUSED_FUNCTION = YES;
				GCC_WARN_UNUSED_VARIABLE = YES;
				IPHONEOS_DEPLOYMENT_TARGET = 17.0;
				LOCALIZATION_PREFERS_STRING_CATALOGS = YES;
				MTL_ENABLE_DEBUG_INFO = INCLUDE_SOURCE;
				MTL_FAST_MATH = YES;
				ONLY_ACTIVE_ARCH = YES;
				SDKROOT = iphoneos;
				SWIFT_ACTIVE_COMPILATION_CONDITIONS = "DEBUG $(inherited)";
				SWIFT_OPTIMIZATION_LEVEL = "-Onone";
			};
			name = Debug;
		};
		B20B04D62AB8C81900A64BCE /* Release */ = {
			isa = XCBuildConfiguration;
			buildSettings = {
				ALWAYS_SEARCH_USER_PATHS = NO;
				ASSETCATALOG_COMPILER_GENERATE_SWIFT_ASSET_SYMBOL_EXTENSIONS = YES;
				CLANG_ANALYZER_NONNULL = YES;
				CLANG_ANALYZER_NUMBER_OBJECT_CONVERSION = YES_AGGRESSIVE;
				CLANG_CXX_LANGUAGE_STANDARD = "gnu++20";
				CLANG_ENABLE_MODULES = YES;
				CLANG_ENABLE_OBJC_ARC = YES;
				CLANG_ENABLE_OBJC_WEAK = YES;
				CLANG_WARN_BLOCK_CAPTURE_AUTORELEASING = YES;
				CLANG_WARN_BOOL_CONVERSION = YES;
				CLANG_WARN_COMMA = YES;
				CLANG_WARN_CONSTANT_CONVERSION = YES;
				CLANG_WARN_DEPRECATED_OBJC_IMPLEMENTATIONS = YES;
				CLANG_WARN_DIRECT_OBJC_ISA_USAGE = YES_ERROR;
				CLANG_WARN_DOCUMENTATION_COMMENTS = YES;
				CLANG_WARN_EMPTY_BODY = YES;
				CLANG_WARN_ENUM_CONVERSION = YES;
				CLANG_WARN_INFINITE_RECURSION = YES;
				CLANG_WARN_INT_CONVERSION = YES;
				CLANG_WARN_NON_LITERAL_NULL_CONVERSION = YES;
				CLANG_WARN_OBJC_IMPLICIT_RETAIN_SELF = YES;
				CLANG_WARN_OBJC_LITERAL_CONVERSION = YES;
				CLANG_WARN_OBJC_ROOT_CLASS = YES_ERROR;
				CLANG_WARN_QUOTED_INCLUDE_IN_FRAMEWORK_HEADER = YES;
				CLANG_WARN_RANGE_LOOP_ANALYSIS = YES;
				CLANG_WARN_STRICT_PROTOTYPES = YES;
				CLANG_WARN_SUSPICIOUS_MOVE = YES;
				CLANG_WARN_UNGUARDED_AVAILABILITY = YES_AGGRESSIVE;
				CLANG_WARN_UNREACHABLE_CODE = YES;
				CLANG_WARN__DUPLICATE_METHOD_MATCH = YES;
				COPY_PHASE_STRIP = NO;
				DEBUG_INFORMATION_FORMAT = "dwarf-with-dsym";
				ENABLE_NS_ASSERTIONS = NO;
				ENABLE_STRICT_OBJC_MSGSEND = YES;
				ENABLE_USER_SCRIPT_SANDBOXING = YES;
				GCC_C_LANGUAGE_STANDARD = gnu17;
				GCC_NO_COMMON_BLOCKS = YES;
				GCC_WARN_64_TO_32_BIT_CONVERSION = YES;
				GCC_WARN_ABOUT_RETURN_TYPE = YES_ERROR;
				GCC_WARN_UNDECLARED_SELECTOR = YES;
				GCC_WARN_UNINITIALIZED_AUTOS = YES_AGGRESSIVE;
				GCC_WARN_UNUSED_FUNCTION = YES;
				GCC_WARN_UNUSED_VARIABLE = YES;
				IPHONEOS_DEPLOYMENT_TARGET = 17.0;
				LOCALIZATION_PREFERS_STRING_CATALOGS = YES;
				MTL_ENABLE_DEBUG_INFO = NO;
				MTL_FAST_MATH = YES;
				SDKROOT = iphoneos;
				SWIFT_COMPILATION_MODE = wholemodule;
				VALIDATE_PRODUCT = YES;
			};
			name = Release;
		};
		B20B04D82AB8C81900A64BCE /* Debug */ = {
			isa = XCBuildConfiguration;
			buildSettings = {
				ASSETCATALOG_COMPILER_APPICON_NAME = AppIcon;
				ASSETCATALOG_COMPILER_GLOBAL_ACCENT_COLOR_NAME = AccentColor;
				CODE_SIGN_STYLE = Automatic;
				CURRENT_PROJECT_VERSION = 1;
				DEVELOPMENT_ASSET_PATHS = "\"PincushionDistortion/Preview Content\"";
				DEVELOPMENT_TEAM = 46TV4HNLFF;
				ENABLE_PREVIEWS = YES;
				GENERATE_INFOPLIST_FILE = YES;
				INFOPLIST_KEY_UIApplicationSceneManifest_Generation = YES;
				INFOPLIST_KEY_UIApplicationSupportsIndirectInputEvents = YES;
				INFOPLIST_KEY_UILaunchScreen_Generation = YES;
				INFOPLIST_KEY_UISupportedInterfaceOrientations_iPad = "UIInterfaceOrientationPortrait UIInterfaceOrientationPortraitUpsideDown UIInterfaceOrientationLandscapeLeft UIInterfaceOrientationLandscapeRight";
				INFOPLIST_KEY_UISupportedInterfaceOrientations_iPhone = "UIInterfaceOrientationPortrait UIInterfaceOrientationLandscapeLeft UIInterfaceOrientationLandscapeRight";
				LD_RUNPATH_SEARCH_PATHS = (
					"$(inherited)",
					"@executable_path/Frameworks",
				);
				MARKETING_VERSION = 1.0;
				PRODUCT_BUNDLE_IDENTIFIER = com.sammcgarry.PincushionDistortion;
				PRODUCT_NAME = "$(TARGET_NAME)";
				SWIFT_EMIT_LOC_STRINGS = YES;
				SWIFT_VERSION = 5.0;
				TARGETED_DEVICE_FAMILY = "1,2";
			};
			name = Debug;
		};
		B20B04D92AB8C81900A64BCE /* Release */ = {
			isa = XCBuildConfiguration;
			buildSettings = {
				ASSETCATALOG_COMPILER_APPICON_NAME = AppIcon;
				ASSETCATALOG_COMPILER_GLOBAL_ACCENT_COLOR_NAME = AccentColor;
				CODE_SIGN_STYLE = Automatic;
				CURRENT_PROJECT_VERSION = 1;
				DEVELOPMENT_ASSET_PATHS = "\"PincushionDistortion/Preview Content\"";
				DEVELOPMENT_TEAM = 46TV4HNLFF;
				ENABLE_PREVIEWS = YES;
				GENERATE_INFOPLIST_FILE = YES;
				INFOPLIST_KEY_UIApplicationSceneManifest_Generation = YES;
				INFOPLIST_KEY_UIApplicationSupportsIndirectInputEvents = YES;
				INFOPLIST_KEY_UILaunchScreen_Generation = YES;
				INFOPLIST_KEY_UISupportedInterfaceOrientations_iPad = "UIInterfaceOrientationPortrait UIInterfaceOrientationPortraitUpsideDown UIInterfaceOrientationLandscapeLeft UIInterfaceOrientationLandscapeRight";
				INFOPLIST_KEY_UISupportedInterfaceOrientations_iPhone = "UIInterfaceOrientationPortrait UIInterfaceOrientationLandscapeLeft UIInterfaceOrientationLandscapeRight";
				LD_RUNPATH_SEARCH_PATHS = (
					"$(inherited)",
					"@executable_path/Frameworks",
				);
				MARKETING_VERSION = 1.0;
				PRODUCT_BUNDLE_IDENTIFIER = com.sammcgarry.PincushionDistortion;
				PRODUCT_NAME = "$(TARGET_NAME)";
				SWIFT_EMIT_LOC_STRINGS = YES;
				SWIFT_VERSION = 5.0;
				TARGETED_DEVICE_FAMILY = "1,2";
			};
			name = Release;
		};
/* End XCBuildConfiguration section */

/* Begin XCConfigurationList section */
		B20B04C42AB8C81700A64BCE /* Build configuration list for PBXProject "PincushionDistortion" */ = {
			isa = XCConfigurationList;
			buildConfigurations = (
				B20B04D52AB8C81900A64BCE /* Debug */,
				B20B04D62AB8C81900A64BCE /* Release */,
			);
			defaultConfigurationIsVisible = 0;
			defaultConfigurationName = Release;
		};
		B20B04D72AB8C81900A64BCE /* Build configuration list for PBXNativeTarget "PincushionDistortion" */ = {
			isa = XCConfigurationList;
			buildConfigurations = (
				B20B04D82AB8C81900A64BCE /* Debug */,
				B20B04D92AB8C81900A64BCE /* Release */,
			);
			defaultConfigurationIsVisible = 0;
			defaultConfigurationName = Release;
		};
/* End XCConfigurationList section */

/* Begin XCRemoteSwiftPackageReference section */
		B20B04DA2AB8C88D00A64BCE /* XCRemoteSwiftPackageReference "Wave" */ = {
			isa = XCRemoteSwiftPackageReference;
			repositoryURL = "https://github.com/jtrivedi/Wave";
			requirement = {
				kind = upToNextMajorVersion;
				minimumVersion = 0.3.2;
			};
		};
/* End XCRemoteSwiftPackageReference section */

/* Begin XCSwiftPackageProductDependency section */
		B20B04DB2AB8C88D00A64BCE /* Wave */ = {
			isa = XCSwiftPackageProductDependency;
			package = B20B04DA2AB8C88D00A64BCE /* XCRemoteSwiftPackageReference "Wave" */;
			productName = Wave;
		};
/* End XCSwiftPackageProductDependency section */
	};
	rootObject = B20B04C12AB8C81700A64BCE /* Project object */;
}
